
Microsoft Visual Studio Solution File, Format Version 11.00
# Visual C# Express 2010
Project("{FAE04EC0-301F-11D3-BF4B-00C04F79EFBC}") = "ExamplePlugin", "ExamplePlugin.csproj", "{B7E253AE-462D-4C30-B744-526E03D0593D}"
EndProject
Global
	GlobalSection(SolutionConfigurationPlatforms) = preSolution
		Debug|Any CPU = Debug|Any CPU
		Release|Any CPU = Release|Any CPU
	EndGlobalSection
	GlobalSection(ProjectConfigurationPlatforms) = postSolution
		{B7E253AE-462D-4C30-B744-526E03D0593D}.Debug|Any CPU.ActiveCfg = Debug|Any CPU
		{B7E253AE-462D-4C30-B744-526E03D0593D}.Debug|Any CPU.Build.0 = Debug|Any CPU
		{B7E253AE-462D-4C30-B744-526E03D0593D}.Release|Any CPU.ActiveCfg = Release|Any CPU
		{B7E253AE-462D-4C30-B744-526E03D0593D}.Release|Any CPU.Build.0 = Release|Any CPU
	EndGlobalSection
	GlobalSection(SolutionProperties) = preSolution
		HideSolutionNode = FALSE
	EndGlobalSection
EndGlobal
